
Microsoft Visual Studio Solution File, Format Version 12.00
# Visual Studio Version 17
VisualStudioVersion = 17.13.35828.75
MinimumVisualStudioVersion = 10.0.40219.1
Project("{FAE04EC0-301F-11D3-BF4B-00C04F79EFBC}") = "NaredbaIf", "NaredbaIf\NaredbaIf.csproj", "{33D975E7-46EA-48B2-A2CD-B22509FE3ACB}"
EndProject
Project("{FAE04EC0-301F-11D3-BF4B-00C04F79EFBC}") = "PrimjerIf", "PrimjerIf\PrimjerIf.csproj", "{F57CD0F2-E99A-408A-8439-D6C8ADB4F8AA}"
EndProject
Project("{FAE04EC0-301F-11D3-BF4B-00C04F79EFBC}") = "PrimjerIf2", "PrimjerIf2\PrimjerIf2.csproj", "{2B24DF01-F542-4B9D-939E-6971269ADE3E}"
EndProject
Project("{FAE04EC0-301F-11D3-BF4B-00C04F79EFBC}") = "PrimjerIf3", "PrimjerIf3\PrimjerIf3.csproj", "{7F1657D4-7691-4E1F-BBAB-F4FCBC43BB74}"
EndProject
Project("{FAE04EC0-301F-11D3-BF4B-00C04F79EFBC}") = "PrimjerIf4", "PrimjerIf4\PrimjerIf4.csproj", "{4759EA17-6373-4AB8-ADC9-1590910914A1}"
EndProject
Global
	GlobalSection(SolutionConfigurationPlatforms) = preSolution
		Debug|Any CPU = Debug|Any CPU
		Release|Any CPU = Release|Any CPU
	EndGlobalSection
	GlobalSection(ProjectConfigurationPlatforms) = postSolution
		{33D975E7-46EA-48B2-A2CD-B22509FE3ACB}.Debug|Any CPU.ActiveCfg = Debug|Any CPU
		{33D975E7-46EA-48B2-A2CD-B22509FE3ACB}.Debug|Any CPU.Build.0 = Debug|Any CPU
		{33D975E7-46EA-48B2-A2CD-B22509FE3ACB}.Release|Any CPU.ActiveCfg = Release|Any CPU
		{33D975E7-46EA-48B2-A2CD-B22509FE3ACB}.Release|Any CPU.Build.0 = Release|Any CPU
		{F57CD0F2-E99A-408A-8439-D6C8ADB4F8AA}.Debug|Any CPU.ActiveCfg = Debug|Any CPU
		{F57CD0F2-E99A-408A-8439-D6C8ADB4F8AA}.Debug|Any CPU.Build.0 = Debug|Any CPU
		{F57CD0F2-E99A-408A-8439-D6C8ADB4F8AA}.Release|Any CPU.ActiveCfg = Release|Any CPU
		{F57CD0F2-E99A-408A-8439-D6C8ADB4F8AA}.Release|Any CPU.Build.0 = Release|Any CPU
		{2B24DF01-F542-4B9D-939E-6971269ADE3E}.Debug|Any CPU.ActiveCfg = Debug|Any CPU
		{2B24DF01-F542-4B9D-939E-6971269ADE3E}.Debug|Any CPU.Build.0 = Debug|Any CPU
		{2B24DF01-F542-4B9D-939E-6971269ADE3E}.Release|Any CPU.ActiveCfg = Release|Any CPU
		{2B24DF01-F542-4B9D-939E-6971269ADE3E}.Release|Any CPU.Build.0 = Release|Any CPU
		{7F1657D4-7691-4E1F-BBAB-F4FCBC43BB74}.Debug|Any CPU.ActiveCfg = Debug|Any CPU
		{7F1657D4-7691-4E1F-BBAB-F4FCBC43BB74}.Debug|Any CPU.Build.0 = Debug|Any CPU
		{7F1657D4-7691-4E1F-BBAB-F4FCBC43BB74}.Release|Any CPU.ActiveCfg = Release|Any CPU
		{7F1657D4-7691-4E1F-BBAB-F4FCBC43BB74}.Release|Any CPU.Build.0 = Release|Any CPU
		{4759EA17-6373-4AB8-ADC9-1590910914A1}.Debug|Any CPU.ActiveCfg = Debug|Any CPU
		{4759EA17-6373-4AB8-ADC9-1590910914A1}.Debug|Any CPU.Build.0 = Debug|Any CPU
		{4759EA17-6373-4AB8-ADC9-1590910914A1}.Release|Any CPU.ActiveCfg = Release|Any CPU
		{4759EA17-6373-4AB8-ADC9-1590910914A1}.Release|Any CPU.Build.0 = Release|Any CPU
	EndGlobalSection
	GlobalSection(SolutionProperties) = preSolution
		HideSolutionNode = FALSE
	EndGlobalSection
	GlobalSection(ExtensibilityGlobals) = postSolution
		SolutionGuid = {B9BDDC24-E9F4-4596-9086-28FC607B7F28}
	EndGlobalSection
EndGlobal
