
Microsoft Visual Studio Solution File, Format Version 12.00
# Visual Studio Version 17
VisualStudioVersion = 17.13.35828.75
MinimumVisualStudioVersion = 10.0.40219.1
Project("{FAE04EC0-301F-11D3-BF4B-00C04F79EFBC}") = "NaredbaIf", "NaredbaIf\NaredbaIf.csproj", "{33D975E7-46EA-48B2-A2CD-B22509FE3ACB}"
EndProject
Project("{FAE04EC0-301F-11D3-BF4B-00C04F79EFBC}") = "PrimjerIf", "PrimjerIf\PrimjerIf.csproj", "{F57CD0F2-E99A-408A-8439-D6C8ADB4F8AA}"
EndProject
Project("{FAE04EC0-301F-11D3-BF4B-00C04F79EFBC}") = "PrimjerIf2", "PrimjerIf2\PrimjerIf2.csproj", "{2B24DF01-F542-4B9D-939E-6971269ADE3E}"
EndProject
Project("{FAE04EC0-301F-11D3-BF4B-00C04F79EFBC}") = "PrimjerIf3", "PrimjerIf3\PrimjerIf3.csproj", "{7F1657D4-7691-4E1F-BBAB-F4FCBC43BB74}"
EndProject
Project("{FAE04EC0-301F-11D3-BF4B-00C04F79EFBC}") = "PrimjerIf4", "PrimjerIf4\PrimjerIf4.csproj", "{4759EA17-6373-4AB8-ADC9-1590910914A1}"
EndProject
Project("{FAE04EC0-301F-11D3-BF4B-00C04F79EFBC}") = "Zadatak01", "Zadatak01\Zadatak01.csproj", "{7AC473C1-BB26-4EE1-93FD-9260FD487A1F}"
EndProject
Project("{FAE04EC0-301F-11D3-BF4B-00C04F79EFBC}") = "Zadatak02", "Zadatak02\Zadatak02.csproj", "{44057574-2658-48DC-9CB6-AC0D962B2EC8}"
EndProject
Project("{FAE04EC0-301F-11D3-BF4B-00C04F79EFBC}") = "Zadatak03", "Zadatak03\Zadatak03.csproj", "{B433CF72-7488-443B-9D25-0FBED1CFC1CF}"
EndProject
Project("{FAE04EC0-301F-11D3-BF4B-00C04F79EFBC}") = "Zadatak04", "Zadatk04\Zadatak04.csproj", "{B88992F9-8749-455D-93CD-84F3FA33B64A}"
EndProject
Project("{FAE04EC0-301F-11D3-BF4B-00C04F79EFBC}") = "Zadatak05", "Zadatak05\Zadatak05.csproj", "{14B82002-FE94-49A6-A2D8-73689DA42C67}"
EndProject
Project("{FAE04EC0-301F-11D3-BF4B-00C04F79EFBC}") = "Zadatak07", "Zadatak07\Zadatak07.csproj", "{C105EC44-C35A-4499-8E79-DDE01591DAE8}"
EndProject
Project("{FAE04EC0-301F-11D3-BF4B-00C04F79EFBC}") = "Zadatak08", "Zadatak08\Zadatak08.csproj", "{CB8FBDDA-F4C7-44EC-B64B-5DC1435F9ED7}"
EndProject
Global
	GlobalSection(SolutionConfigurationPlatforms) = preSolution
		Debug|Any CPU = Debug|Any CPU
		Release|Any CPU = Release|Any CPU
	EndGlobalSection
	GlobalSection(ProjectConfigurationPlatforms) = postSolution
		{33D975E7-46EA-48B2-A2CD-B22509FE3ACB}.Debug|Any CPU.ActiveCfg = Debug|Any CPU
		{33D975E7-46EA-48B2-A2CD-B22509FE3ACB}.Debug|Any CPU.Build.0 = Debug|Any CPU
		{33D975E7-46EA-48B2-A2CD-B22509FE3ACB}.Release|Any CPU.ActiveCfg = Release|Any CPU
		{33D975E7-46EA-48B2-A2CD-B22509FE3ACB}.Release|Any CPU.Build.0 = Release|Any CPU
		{F57CD0F2-E99A-408A-8439-D6C8ADB4F8AA}.Debug|Any CPU.ActiveCfg = Debug|Any CPU
		{F57CD0F2-E99A-408A-8439-D6C8ADB4F8AA}.Debug|Any CPU.Build.0 = Debug|Any CPU
		{F57CD0F2-E99A-408A-8439-D6C8ADB4F8AA}.Release|Any CPU.ActiveCfg = Release|Any CPU
		{F57CD0F2-E99A-408A-8439-D6C8ADB4F8AA}.Release|Any CPU.Build.0 = Release|Any CPU
		{2B24DF01-F542-4B9D-939E-6971269ADE3E}.Debug|Any CPU.ActiveCfg = Debug|Any CPU
		{2B24DF01-F542-4B9D-939E-6971269ADE3E}.Debug|Any CPU.Build.0 = Debug|Any CPU
		{2B24DF01-F542-4B9D-939E-6971269ADE3E}.Release|Any CPU.ActiveCfg = Release|Any CPU
		{2B24DF01-F542-4B9D-939E-6971269ADE3E}.Release|Any CPU.Build.0 = Release|Any CPU
		{7F1657D4-7691-4E1F-BBAB-F4FCBC43BB74}.Debug|Any CPU.ActiveCfg = Debug|Any CPU
		{7F1657D4-7691-4E1F-BBAB-F4FCBC43BB74}.Debug|Any CPU.Build.0 = Debug|Any CPU
		{7F1657D4-7691-4E1F-BBAB-F4FCBC43BB74}.Release|Any CPU.ActiveCfg = Release|Any CPU
		{7F1657D4-7691-4E1F-BBAB-F4FCBC43BB74}.Release|Any CPU.Build.0 = Release|Any CPU
		{4759EA17-6373-4AB8-ADC9-1590910914A1}.Debug|Any CPU.ActiveCfg = Debug|Any CPU
		{4759EA17-6373-4AB8-ADC9-1590910914A1}.Debug|Any CPU.Build.0 = Debug|Any CPU
		{4759EA17-6373-4AB8-ADC9-1590910914A1}.Release|Any CPU.ActiveCfg = Release|Any CPU
		{4759EA17-6373-4AB8-ADC9-1590910914A1}.Release|Any CPU.Build.0 = Release|Any CPU
		{7AC473C1-BB26-4EE1-93FD-9260FD487A1F}.Debug|Any CPU.ActiveCfg = Debug|Any CPU
		{7AC473C1-BB26-4EE1-93FD-9260FD487A1F}.Debug|Any CPU.Build.0 = Debug|Any CPU
		{7AC473C1-BB26-4EE1-93FD-9260FD487A1F}.Release|Any CPU.ActiveCfg = Release|Any CPU
		{7AC473C1-BB26-4EE1-93FD-9260FD487A1F}.Release|Any CPU.Build.0 = Release|Any CPU
		{44057574-2658-48DC-9CB6-AC0D962B2EC8}.Debug|Any CPU.ActiveCfg = Debug|Any CPU
		{44057574-2658-48DC-9CB6-AC0D962B2EC8}.Debug|Any CPU.Build.0 = Debug|Any CPU
		{44057574-2658-48DC-9CB6-AC0D962B2EC8}.Release|Any CPU.ActiveCfg = Release|Any CPU
		{44057574-2658-48DC-9CB6-AC0D962B2EC8}.Release|Any CPU.Build.0 = Release|Any CPU
		{B433CF72-7488-443B-9D25-0FBED1CFC1CF}.Debug|Any CPU.ActiveCfg = Debug|Any CPU
		{B433CF72-7488-443B-9D25-0FBED1CFC1CF}.Debug|Any CPU.Build.0 = Debug|Any CPU
		{B433CF72-7488-443B-9D25-0FBED1CFC1CF}.Release|Any CPU.ActiveCfg = Release|Any CPU
		{B433CF72-7488-443B-9D25-0FBED1CFC1CF}.Release|Any CPU.Build.0 = Release|Any CPU
		{B88992F9-8749-455D-93CD-84F3FA33B64A}.Debug|Any CPU.ActiveCfg = Debug|Any CPU
		{B88992F9-8749-455D-93CD-84F3FA33B64A}.Debug|Any CPU.Build.0 = Debug|Any CPU
		{B88992F9-8749-455D-93CD-84F3FA33B64A}.Release|Any CPU.ActiveCfg = Release|Any CPU
		{B88992F9-8749-455D-93CD-84F3FA33B64A}.Release|Any CPU.Build.0 = Release|Any CPU
		{14B82002-FE94-49A6-A2D8-73689DA42C67}.Debug|Any CPU.ActiveCfg = Debug|Any CPU
		{14B82002-FE94-49A6-A2D8-73689DA42C67}.Debug|Any CPU.Build.0 = Debug|Any CPU
		{14B82002-FE94-49A6-A2D8-73689DA42C67}.Release|Any CPU.ActiveCfg = Release|Any CPU
		{14B82002-FE94-49A6-A2D8-73689DA42C67}.Release|Any CPU.Build.0 = Release|Any CPU
		{C105EC44-C35A-4499-8E79-DDE01591DAE8}.Debug|Any CPU.ActiveCfg = Debug|Any CPU
		{C105EC44-C35A-4499-8E79-DDE01591DAE8}.Debug|Any CPU.Build.0 = Debug|Any CPU
		{C105EC44-C35A-4499-8E79-DDE01591DAE8}.Release|Any CPU.ActiveCfg = Release|Any CPU
		{C105EC44-C35A-4499-8E79-DDE01591DAE8}.Release|Any CPU.Build.0 = Release|Any CPU
		{CB8FBDDA-F4C7-44EC-B64B-5DC1435F9ED7}.Debug|Any CPU.ActiveCfg = Debug|Any CPU
		{CB8FBDDA-F4C7-44EC-B64B-5DC1435F9ED7}.Debug|Any CPU.Build.0 = Debug|Any CPU
		{CB8FBDDA-F4C7-44EC-B64B-5DC1435F9ED7}.Release|Any CPU.ActiveCfg = Release|Any CPU
		{CB8FBDDA-F4C7-44EC-B64B-5DC1435F9ED7}.Release|Any CPU.Build.0 = Release|Any CPU
	EndGlobalSection
	GlobalSection(SolutionProperties) = preSolution
		HideSolutionNode = FALSE
	EndGlobalSection
	GlobalSection(ExtensibilityGlobals) = postSolution
		SolutionGuid = {B9BDDC24-E9F4-4596-9086-28FC607B7F28}
	EndGlobalSection
EndGlobal
