
Microsoft Visual Studio Solution File, Format Version 12.00
# Visual Studio Version 17
VisualStudioVersion = 17.13.35828.75 d17.13
MinimumVisualStudioVersion = 10.0.40219.1
Project("{FAE04EC0-301F-11D3-BF4B-00C04F79EFBC}") = "ArrayListe", "ArrayListe\ArrayListe.csproj", "{9518FB5E-2FEF-401B-ACAA-2619AA26C82B}"
EndProject
Global
	GlobalSection(SolutionConfigurationPlatforms) = preSolution
		Debug|Any CPU = Debug|Any CPU
		Release|Any CPU = Release|Any CPU
	EndGlobalSection
	GlobalSection(ProjectConfigurationPlatforms) = postSolution
		{9518FB5E-2FEF-401B-ACAA-2619AA26C82B}.Debug|Any CPU.ActiveCfg = Debug|Any CPU
		{9518FB5E-2FEF-401B-ACAA-2619AA26C82B}.Debug|Any CPU.Build.0 = Debug|Any CPU
		{9518FB5E-2FEF-401B-ACAA-2619AA26C82B}.Release|Any CPU.ActiveCfg = Release|Any CPU
		{9518FB5E-2FEF-401B-ACAA-2619AA26C82B}.Release|Any CPU.Build.0 = Release|Any CPU
	EndGlobalSection
	GlobalSection(SolutionProperties) = preSolution
		HideSolutionNode = FALSE
	EndGlobalSection
	GlobalSection(ExtensibilityGlobals) = postSolution
		SolutionGuid = {6AC25990-074E-4A48-ACC5-8414B413A881}
	EndGlobalSection
EndGlobal
