
Microsoft Visual Studio Solution File, Format Version 12.00
# Visual Studio Version 17
VisualStudioVersion = 17.13.35828.75 d17.13
MinimumVisualStudioVersion = 10.0.40219.1
Project("{FAE04EC0-301F-11D3-BF4B-00C04F79EFBC}") = "KlaseObjekti", "KlaseObjekti\KlaseObjekti.csproj", "{CA65C75C-1053-4FF7-A182-E38C958DD8DE}"
EndProject
Project("{FAE04EC0-301F-11D3-BF4B-00C04F79EFBC}") = "KlaseObjekti2", "D:\WebProgramiranje\KlaseObjekti2\KlaseObjekti2.csproj", "{9C9A3B54-8550-464D-938D-FA1C5CE42070}"
EndProject
Project("{FAE04EC0-301F-11D3-BF4B-00C04F79EFBC}") = "Konstruktori", "Konstruktori\Konstruktori.csproj", "{5F495C74-0925-44CC-B260-9AB186C42F8D}"
EndProject
Project("{FAE04EC0-301F-11D3-BF4B-00C04F79EFBC}") = "ProizvodApp", "ProizvodApp\ProizvodApp.csproj", "{FCD725FA-C0EB-4478-8F20-3BD98F325663}"
EndProject
Global
	GlobalSection(SolutionConfigurationPlatforms) = preSolution
		Debug|Any CPU = Debug|Any CPU
		Release|Any CPU = Release|Any CPU
	EndGlobalSection
	GlobalSection(ProjectConfigurationPlatforms) = postSolution
		{CA65C75C-1053-4FF7-A182-E38C958DD8DE}.Debug|Any CPU.ActiveCfg = Debug|Any CPU
		{CA65C75C-1053-4FF7-A182-E38C958DD8DE}.Debug|Any CPU.Build.0 = Debug|Any CPU
		{CA65C75C-1053-4FF7-A182-E38C958DD8DE}.Release|Any CPU.ActiveCfg = Release|Any CPU
		{CA65C75C-1053-4FF7-A182-E38C958DD8DE}.Release|Any CPU.Build.0 = Release|Any CPU
		{9C9A3B54-8550-464D-938D-FA1C5CE42070}.Debug|Any CPU.ActiveCfg = Debug|Any CPU
		{9C9A3B54-8550-464D-938D-FA1C5CE42070}.Debug|Any CPU.Build.0 = Debug|Any CPU
		{9C9A3B54-8550-464D-938D-FA1C5CE42070}.Release|Any CPU.ActiveCfg = Release|Any CPU
		{9C9A3B54-8550-464D-938D-FA1C5CE42070}.Release|Any CPU.Build.0 = Release|Any CPU
		{5F495C74-0925-44CC-B260-9AB186C42F8D}.Debug|Any CPU.ActiveCfg = Debug|Any CPU
		{5F495C74-0925-44CC-B260-9AB186C42F8D}.Debug|Any CPU.Build.0 = Debug|Any CPU
		{5F495C74-0925-44CC-B260-9AB186C42F8D}.Release|Any CPU.ActiveCfg = Release|Any CPU
		{5F495C74-0925-44CC-B260-9AB186C42F8D}.Release|Any CPU.Build.0 = Release|Any CPU
		{FCD725FA-C0EB-4478-8F20-3BD98F325663}.Debug|Any CPU.ActiveCfg = Debug|Any CPU
		{FCD725FA-C0EB-4478-8F20-3BD98F325663}.Debug|Any CPU.Build.0 = Debug|Any CPU
		{FCD725FA-C0EB-4478-8F20-3BD98F325663}.Release|Any CPU.ActiveCfg = Release|Any CPU
		{FCD725FA-C0EB-4478-8F20-3BD98F325663}.Release|Any CPU.Build.0 = Release|Any CPU
	EndGlobalSection
	GlobalSection(SolutionProperties) = preSolution
		HideSolutionNode = FALSE
	EndGlobalSection
	GlobalSection(ExtensibilityGlobals) = postSolution
		SolutionGuid = {098728E6-35BD-4EEA-8C35-B820D64D82E5}
	EndGlobalSection
EndGlobal
