
Microsoft Visual Studio Solution File, Format Version 12.00
# Visual Studio Version 17
VisualStudioVersion = 17.13.35828.75 d17.13
MinimumVisualStudioVersion = 10.0.40219.1
Project("{FAE04EC0-301F-11D3-BF4B-00C04F79EFBC}") = "JednakokracanTrokut", "JednakokracanTrokut\JednakokracanTrokut.csproj", "{02AF3A71-2CD8-4198-8B90-FA3D21FFFC2A}"
EndProject
Project("{FAE04EC0-301F-11D3-BF4B-00C04F79EFBC}") = "Krug", "Krug\Krug.csproj", "{7CB089F3-B7E9-4096-B55D-3E7D51CBEEB6}"
EndProject
Project("{FAE04EC0-301F-11D3-BF4B-00C04F79EFBC}") = "KsKw", "KsKw\KsKw.csproj", "{ED1075F4-6754-4AEE-BD61-799414E92952}"
EndProject
Project("{FAE04EC0-301F-11D3-BF4B-00C04F79EFBC}") = "PrimjerMetoda", "PrimjerMetoda\PrimjerMetoda.csproj", "{BCF575D5-D8ED-4F25-9B9A-A1BBA3C1C25F}"
EndProject
Project("{FAE04EC0-301F-11D3-BF4B-00C04F79EFBC}") = "Zadatak1", "Zadatak1\Zadatak1.csproj", "{882097A2-6D69-49A5-80F6-1CDDD0494B8B}"
EndProject
Global
	GlobalSection(SolutionConfigurationPlatforms) = preSolution
		Debug|Any CPU = Debug|Any CPU
		Release|Any CPU = Release|Any CPU
	EndGlobalSection
	GlobalSection(ProjectConfigurationPlatforms) = postSolution
		{02AF3A71-2CD8-4198-8B90-FA3D21FFFC2A}.Debug|Any CPU.ActiveCfg = Debug|Any CPU
		{02AF3A71-2CD8-4198-8B90-FA3D21FFFC2A}.Debug|Any CPU.Build.0 = Debug|Any CPU
		{02AF3A71-2CD8-4198-8B90-FA3D21FFFC2A}.Release|Any CPU.ActiveCfg = Release|Any CPU
		{02AF3A71-2CD8-4198-8B90-FA3D21FFFC2A}.Release|Any CPU.Build.0 = Release|Any CPU
		{7CB089F3-B7E9-4096-B55D-3E7D51CBEEB6}.Debug|Any CPU.ActiveCfg = Debug|Any CPU
		{7CB089F3-B7E9-4096-B55D-3E7D51CBEEB6}.Debug|Any CPU.Build.0 = Debug|Any CPU
		{7CB089F3-B7E9-4096-B55D-3E7D51CBEEB6}.Release|Any CPU.ActiveCfg = Release|Any CPU
		{7CB089F3-B7E9-4096-B55D-3E7D51CBEEB6}.Release|Any CPU.Build.0 = Release|Any CPU
		{ED1075F4-6754-4AEE-BD61-799414E92952}.Debug|Any CPU.ActiveCfg = Debug|Any CPU
		{ED1075F4-6754-4AEE-BD61-799414E92952}.Debug|Any CPU.Build.0 = Debug|Any CPU
		{ED1075F4-6754-4AEE-BD61-799414E92952}.Release|Any CPU.ActiveCfg = Release|Any CPU
		{ED1075F4-6754-4AEE-BD61-799414E92952}.Release|Any CPU.Build.0 = Release|Any CPU
		{BCF575D5-D8ED-4F25-9B9A-A1BBA3C1C25F}.Debug|Any CPU.ActiveCfg = Debug|Any CPU
		{BCF575D5-D8ED-4F25-9B9A-A1BBA3C1C25F}.Debug|Any CPU.Build.0 = Debug|Any CPU
		{BCF575D5-D8ED-4F25-9B9A-A1BBA3C1C25F}.Release|Any CPU.ActiveCfg = Release|Any CPU
		{BCF575D5-D8ED-4F25-9B9A-A1BBA3C1C25F}.Release|Any CPU.Build.0 = Release|Any CPU
		{882097A2-6D69-49A5-80F6-1CDDD0494B8B}.Debug|Any CPU.ActiveCfg = Debug|Any CPU
		{882097A2-6D69-49A5-80F6-1CDDD0494B8B}.Debug|Any CPU.Build.0 = Debug|Any CPU
		{882097A2-6D69-49A5-80F6-1CDDD0494B8B}.Release|Any CPU.ActiveCfg = Release|Any CPU
		{882097A2-6D69-49A5-80F6-1CDDD0494B8B}.Release|Any CPU.Build.0 = Release|Any CPU
	EndGlobalSection
	GlobalSection(SolutionProperties) = preSolution
		HideSolutionNode = FALSE
	EndGlobalSection
	GlobalSection(ExtensibilityGlobals) = postSolution
		SolutionGuid = {4D3CB577-CC69-4C2E-B4C9-47BD05ED342B}
	EndGlobalSection
EndGlobal
